github.com/StefMa/hugo-fresh v1.1.0 h1:/p353dhg/DWx8CQpDR3wcGUn3i/C+x4ZW4ymzS6cMJA=
github.com/StefMa/hugo-fresh v1.1.0/go.mod h1:yRzHyco0bfnITjvq7rfAiOADfGMrDlM0kXeKBllUJEc=
github.com/StefMa/hugo-fresh v1.2.0 h1:F7j98xExM7Iu/Mz7uzgNBfPuwB3zufe4cfArSxCxpkM=
github.com/StefMa/hugo-fresh v1.2.0/go.mod h1:yRzHyco0bfnITjvq7rfAiOADfGMrDlM0kXeKBllUJEc=
github.com/jgthms/bulma v0.0.0-20220508134905-3e00a8e6d0d0/go.mod h1:89FLBKXYFKfOKAoDeUT26V0pHGwzr205cMXAEqtAVOI=
github.com/jgthms/bulma v0.0.0-20241111103208-6374a8094d2a h1:vj1Phb9bNoF8tNoMC1kbY6Clz2HQb58ItE8q/2tL71I=
github.com/jgthms/bulma v0.0.0-20241111103208-6374a8094d2a/go.mod h1:89FLBKXYFKfOKAoDeUT26V0pHGwzr205cMXAEqtAVOI=
